
Microsoft Visual Studio Solution File, Format Version 12.00
# Visual Studio Version 16
VisualStudioVersion = 16.0.30717.126
MinimumVisualStudioVersion = 10.0.40219.1
Project("{FAE04EC0-301F-11D3-BF4B-00C04F79EFBC}") = "m5Activity", "m5Activity\m5Activity.csproj", "{162EBF4D-F82F-40BD-BF9C-90F3F54980C4}"
EndProject
Global
	GlobalSection(SolutionConfigurationPlatforms) = preSolution
		Debug|Any CPU = Debug|Any CPU
		Release|Any CPU = Release|Any CPU
	EndGlobalSection
	GlobalSection(ProjectConfigurationPlatforms) = postSolution
		{162EBF4D-F82F-40BD-BF9C-90F3F54980C4}.Debug|Any CPU.ActiveCfg = Debug|Any CPU
		{162EBF4D-F82F-40BD-BF9C-90F3F54980C4}.Debug|Any CPU.Build.0 = Debug|Any CPU
		{162EBF4D-F82F-40BD-BF9C-90F3F54980C4}.Release|Any CPU.ActiveCfg = Release|Any CPU
		{162EBF4D-F82F-40BD-BF9C-90F3F54980C4}.Release|Any CPU.Build.0 = Release|Any CPU
	EndGlobalSection
	GlobalSection(SolutionProperties) = preSolution
		HideSolutionNode = FALSE
	EndGlobalSection
	GlobalSection(ExtensibilityGlobals) = postSolution
		SolutionGuid = {BD1251C4-9FCC-4D8B-AB3B-6E911C8B2B65}
	EndGlobalSection
EndGlobal
